
Microsoft Visual Studio Solution File, Format Version 12.00
# Visual Studio Version 17
VisualStudioVersion = 17.5.002.0
MinimumVisualStudioVersion = 10.0.40219.1
Project("{2150E333-8FDC-42A3-9474-1A3956D46DE8}") = "csharp-prep", "csharp-prep", "{E5A7CB16-A402-466C-9B39-CAF598B30DDA}"
EndProject
Project("{9A19103F-16F7-4668-BE54-9A1E7A4F7556}") = "Prep1", "csharp-prep\Prep1\Prep1.csproj", "{DA966E32-F595-4D68-B090-549319AB8D88}"
EndProject
Project("{9A19103F-16F7-4668-BE54-9A1E7A4F7556}") = "Prep2", "csharp-prep\Prep2\Prep2.csproj", "{52B8A564-5E0D-42C9-891A-818EFF0205D4}"
EndProject
Project("{9A19103F-16F7-4668-BE54-9A1E7A4F7556}") = "Prep3", "csharp-prep\Prep3\Prep3.csproj", "{39241B19-082D-4EDD-ADB7-D2BE474E09FE}"
EndProject
Project("{9A19103F-16F7-4668-BE54-9A1E7A4F7556}") = "Prep4", "csharp-prep\Prep4\Prep4.csproj", "{5CAECB12-5653-4A67-ABCD-E187326DCF03}"
EndProject
Project("{9A19103F-16F7-4668-BE54-9A1E7A4F7556}") = "Prep5", "csharp-prep\Prep5\Prep5.csproj", "{85D04282-BAFE-45C6-BF3D-45CF06CE57AD}"
EndProject
Project("{2150E333-8FDC-42A3-9474-1A3956D46DE8}") = "final", "final", "{C3626162-671D-4F29-8A73-9E50E03A35FC}"
EndProject
Project("{9A19103F-16F7-4668-BE54-9A1E7A4F7556}") = "FinalProject", "final\FinalProject\FinalProject.csproj", "{D7AE8593-AB47-4E8D-BCF3-D8E6260CF41F}"
EndProject
Project("{9A19103F-16F7-4668-BE54-9A1E7A4F7556}") = "Foundation1", "final\Foundation1\Foundation1.csproj", "{589FD40C-56AA-4056-A7D4-D9462EF9332D}"
EndProject
Project("{9A19103F-16F7-4668-BE54-9A1E7A4F7556}") = "Foundation2", "final\Foundation2\Foundation2.csproj", "{5F692290-76DD-4891-990B-1D77DC9E2169}"
EndProject
Project("{9A19103F-16F7-4668-BE54-9A1E7A4F7556}") = "Foundation3", "final\Foundation3\Foundation3.csproj", "{F098CC32-8E0C-4809-8698-A4C33E2F79F3}"
EndProject
Project("{9A19103F-16F7-4668-BE54-9A1E7A4F7556}") = "Foundation4", "final\Foundation4\Foundation4.csproj", "{885CA569-E1E9-4E70-8607-2CF63C9E1427}"
EndProject
Project("{2150E333-8FDC-42A3-9474-1A3956D46DE8}") = "prepare", "prepare", "{D119C2DC-3497-4C5A-ADB7-C868E88A4BE2}"
EndProject
Project("{9A19103F-16F7-4668-BE54-9A1E7A4F7556}") = "Learning02", "prepare\Learning02\Learning02.csproj", "{9A14A3F1-D497-4273-900E-A65B17B223BE}"
EndProject
Project("{9A19103F-16F7-4668-BE54-9A1E7A4F7556}") = "Learning03", "prepare\Learning03\Learning03.csproj", "{8CBD33F3-1B36-4CCF-ADC9-B49176B04905}"
EndProject
Project("{9A19103F-16F7-4668-BE54-9A1E7A4F7556}") = "Learning04", "prepare\Learning04\Learning04.csproj", "{3CB457D7-B9A0-4EF4-A09B-316D778848E3}"
EndProject
Project("{9A19103F-16F7-4668-BE54-9A1E7A4F7556}") = "Learning05", "prepare\Learning05\Learning05.csproj", "{911B236E-766B-4E50-B3D6-0FD0675BAA28}"
EndProject
Project("{2150E333-8FDC-42A3-9474-1A3956D46DE8}") = "prove", "prove", "{91A30ED6-D338-4A70-ADED-4C002B9F9FC2}"
EndProject
Project("{9A19103F-16F7-4668-BE54-9A1E7A4F7556}") = "Develop02", "prove\Develop02\Develop02.csproj", "{BC452FE1-981B-41FE-85F2-92FFE0ACE3C2}"
EndProject
Project("{9A19103F-16F7-4668-BE54-9A1E7A4F7556}") = "Develop03", "prove\Develop03\Develop03.csproj", "{78553DB9-36A1-404F-9516-369F9B0E690A}"
EndProject
Project("{9A19103F-16F7-4668-BE54-9A1E7A4F7556}") = "Develop04", "prove\Develop04\Develop04.csproj", "{3A5BDD39-FAB6-481E-8761-3807AEC1EFD6}"
EndProject
Project("{9A19103F-16F7-4668-BE54-9A1E7A4F7556}") = "Develop05", "prove\Develop05\Develop05.csproj", "{D4A7AF18-9A7A-435C-A345-E1432E223B59}"
EndProject
Project("{2150E333-8FDC-42A3-9474-1A3956D46DE8}") = "sandbox", "sandbox", "{82B7C4C9-7679-467F-928D-A2D228A95666}"
EndProject
Project("{9A19103F-16F7-4668-BE54-9A1E7A4F7556}") = "Sandbox", "sandbox\Sandbox\Sandbox.csproj", "{33AFB091-DEEC-4D0F-98F1-655AD8D47D06}"
EndProject
Global
	GlobalSection(SolutionConfigurationPlatforms) = preSolution
		Debug|Any CPU = Debug|Any CPU
		Release|Any CPU = Release|Any CPU
	EndGlobalSection
	GlobalSection(ProjectConfigurationPlatforms) = postSolution
		{DA966E32-F595-4D68-B090-549319AB8D88}.Debug|Any CPU.ActiveCfg = Debug|Any CPU
		{DA966E32-F595-4D68-B090-549319AB8D88}.Debug|Any CPU.Build.0 = Debug|Any CPU
		{DA966E32-F595-4D68-B090-549319AB8D88}.Release|Any CPU.ActiveCfg = Release|Any CPU
		{DA966E32-F595-4D68-B090-549319AB8D88}.Release|Any CPU.Build.0 = Release|Any CPU
		{52B8A564-5E0D-42C9-891A-818EFF0205D4}.Debug|Any CPU.ActiveCfg = Debug|Any CPU
		{52B8A564-5E0D-42C9-891A-818EFF0205D4}.Debug|Any CPU.Build.0 = Debug|Any CPU
		{52B8A564-5E0D-42C9-891A-818EFF0205D4}.Release|Any CPU.ActiveCfg = Release|Any CPU
		{52B8A564-5E0D-42C9-891A-818EFF0205D4}.Release|Any CPU.Build.0 = Release|Any CPU
		{39241B19-082D-4EDD-ADB7-D2BE474E09FE}.Debug|Any CPU.ActiveCfg = Debug|Any CPU
		{39241B19-082D-4EDD-ADB7-D2BE474E09FE}.Debug|Any CPU.Build.0 = Debug|Any CPU
		{39241B19-082D-4EDD-ADB7-D2BE474E09FE}.Release|Any CPU.ActiveCfg = Release|Any CPU
		{39241B19-082D-4EDD-ADB7-D2BE474E09FE}.Release|Any CPU.Build.0 = Release|Any CPU
		{5CAECB12-5653-4A67-ABCD-E187326DCF03}.Debug|Any CPU.ActiveCfg = Debug|Any CPU
		{5CAECB12-5653-4A67-ABCD-E187326DCF03}.Debug|Any CPU.Build.0 = Debug|Any CPU
		{5CAECB12-5653-4A67-ABCD-E187326DCF03}.Release|Any CPU.ActiveCfg = Release|Any CPU
		{5CAECB12-5653-4A67-ABCD-E187326DCF03}.Release|Any CPU.Build.0 = Release|Any CPU
		{85D04282-BAFE-45C6-BF3D-45CF06CE57AD}.Debug|Any CPU.ActiveCfg = Debug|Any CPU
		{85D04282-BAFE-45C6-BF3D-45CF06CE57AD}.Debug|Any CPU.Build.0 = Debug|Any CPU
		{85D04282-BAFE-45C6-BF3D-45CF06CE57AD}.Release|Any CPU.ActiveCfg = Release|Any CPU
		{85D04282-BAFE-45C6-BF3D-45CF06CE57AD}.Release|Any CPU.Build.0 = Release|Any CPU
		{D7AE8593-AB47-4E8D-BCF3-D8E6260CF41F}.Debug|Any CPU.ActiveCfg = Debug|Any CPU
		{D7AE8593-AB47-4E8D-BCF3-D8E6260CF41F}.Debug|Any CPU.Build.0 = Debug|Any CPU
		{D7AE8593-AB47-4E8D-BCF3-D8E6260CF41F}.Release|Any CPU.ActiveCfg = Release|Any CPU
		{D7AE8593-AB47-4E8D-BCF3-D8E6260CF41F}.Release|Any CPU.Build.0 = Release|Any CPU
		{589FD40C-56AA-4056-A7D4-D9462EF9332D}.Debug|Any CPU.ActiveCfg = Debug|Any CPU
		{589FD40C-56AA-4056-A7D4-D9462EF9332D}.Debug|Any CPU.Build.0 = Debug|Any CPU
		{589FD40C-56AA-4056-A7D4-D9462EF9332D}.Release|Any CPU.ActiveCfg = Release|Any CPU
		{589FD40C-56AA-4056-A7D4-D9462EF9332D}.Release|Any CPU.Build.0 = Release|Any CPU
		{5F692290-76DD-4891-990B-1D77DC9E2169}.Debug|Any CPU.ActiveCfg = Debug|Any CPU
		{5F692290-76DD-4891-990B-1D77DC9E2169}.Debug|Any CPU.Build.0 = Debug|Any CPU
		{5F692290-76DD-4891-990B-1D77DC9E2169}.Release|Any CPU.ActiveCfg = Release|Any CPU
		{5F692290-76DD-4891-990B-1D77DC9E2169}.Release|Any CPU.Build.0 = Release|Any CPU
		{F098CC32-8E0C-4809-8698-A4C33E2F79F3}.Debug|Any CPU.ActiveCfg = Debug|Any CPU
		{F098CC32-8E0C-4809-8698-A4C33E2F79F3}.Debug|Any CPU.Build.0 = Debug|Any CPU
		{F098CC32-8E0C-4809-8698-A4C33E2F79F3}.Release|Any CPU.ActiveCfg = Release|Any CPU
		{F098CC32-8E0C-4809-8698-A4C33E2F79F3}.Release|Any CPU.Build.0 = Release|Any CPU
		{885CA569-E1E9-4E70-8607-2CF63C9E1427}.Debug|Any CPU.ActiveCfg = Debug|Any CPU
		{885CA569-E1E9-4E70-8607-2CF63C9E1427}.Debug|Any CPU.Build.0 = Debug|Any CPU
		{885CA569-E1E9-4E70-8607-2CF63C9E1427}.Release|Any CPU.ActiveCfg = Release|Any CPU
		{885CA569-E1E9-4E70-8607-2CF63C9E1427}.Release|Any CPU.Build.0 = Release|Any CPU
		{9A14A3F1-D497-4273-900E-A65B17B223BE}.Debug|Any CPU.ActiveCfg = Debug|Any CPU
		{9A14A3F1-D497-4273-900E-A65B17B223BE}.Debug|Any CPU.Build.0 = Debug|Any CPU
		{9A14A3F1-D497-4273-900E-A65B17B223BE}.Release|Any CPU.ActiveCfg = Release|Any CPU
		{9A14A3F1-D497-4273-900E-A65B17B223BE}.Release|Any CPU.Build.0 = Release|Any CPU
		{8CBD33F3-1B36-4CCF-ADC9-B49176B04905}.Debug|Any CPU.ActiveCfg = Debug|Any CPU
		{8CBD33F3-1B36-4CCF-ADC9-B49176B04905}.Debug|Any CPU.Build.0 = Debug|Any CPU
		{8CBD33F3-1B36-4CCF-ADC9-B49176B04905}.Release|Any CPU.ActiveCfg = Release|Any CPU
		{8CBD33F3-1B36-4CCF-ADC9-B49176B04905}.Release|Any CPU.Build.0 = Release|Any CPU
		{3CB457D7-B9A0-4EF4-A09B-316D778848E3}.Debug|Any CPU.ActiveCfg = Debug|Any CPU
		{3CB457D7-B9A0-4EF4-A09B-316D778848E3}.Debug|Any CPU.Build.0 = Debug|Any CPU
		{3CB457D7-B9A0-4EF4-A09B-316D778848E3}.Release|Any CPU.ActiveCfg = Release|Any CPU
		{3CB457D7-B9A0-4EF4-A09B-316D778848E3}.Release|Any CPU.Build.0 = Release|Any CPU
		{911B236E-766B-4E50-B3D6-0FD0675BAA28}.Debug|Any CPU.ActiveCfg = Debug|Any CPU
		{911B236E-766B-4E50-B3D6-0FD0675BAA28}.Debug|Any CPU.Build.0 = Debug|Any CPU
		{911B236E-766B-4E50-B3D6-0FD0675BAA28}.Release|Any CPU.ActiveCfg = Release|Any CPU
		{911B236E-766B-4E50-B3D6-0FD0675BAA28}.Release|Any CPU.Build.0 = Release|Any CPU
		{BC452FE1-981B-41FE-85F2-92FFE0ACE3C2}.Debug|Any CPU.ActiveCfg = Debug|Any CPU
		{BC452FE1-981B-41FE-85F2-92FFE0ACE3C2}.Debug|Any CPU.Build.0 = Debug|Any CPU
		{BC452FE1-981B-41FE-85F2-92FFE0ACE3C2}.Release|Any CPU.ActiveCfg = Release|Any CPU
		{BC452FE1-981B-41FE-85F2-92FFE0ACE3C2}.Release|Any CPU.Build.0 = Release|Any CPU
		{78553DB9-36A1-404F-9516-369F9B0E690A}.Debug|Any CPU.ActiveCfg = Debug|Any CPU
		{78553DB9-36A1-404F-9516-369F9B0E690A}.Debug|Any CPU.Build.0 = Debug|Any CPU
		{78553DB9-36A1-404F-9516-369F9B0E690A}.Release|Any CPU.ActiveCfg = Release|Any CPU
		{78553DB9-36A1-404F-9516-369F9B0E690A}.Release|Any CPU.Build.0 = Release|Any CPU
		{3A5BDD39-FAB6-481E-8761-3807AEC1EFD6}.Debug|Any CPU.ActiveCfg = Debug|Any CPU
		{3A5BDD39-FAB6-481E-8761-3807AEC1EFD6}.Debug|Any CPU.Build.0 = Debug|Any CPU
		{3A5BDD39-FAB6-481E-8761-3807AEC1EFD6}.Release|Any CPU.ActiveCfg = Release|Any CPU
		{3A5BDD39-FAB6-481E-8761-3807AEC1EFD6}.Release|Any CPU.Build.0 = Release|Any CPU
		{D4A7AF18-9A7A-435C-A345-E1432E223B59}.Debug|Any CPU.ActiveCfg = Debug|Any CPU
		{D4A7AF18-9A7A-435C-A345-E1432E223B59}.Debug|Any CPU.Build.0 = Debug|Any CPU
		{D4A7AF18-9A7A-435C-A345-E1432E223B59}.Release|Any CPU.ActiveCfg = Release|Any CPU
		{D4A7AF18-9A7A-435C-A345-E1432E223B59}.Release|Any CPU.Build.0 = Release|Any CPU
		{33AFB091-DEEC-4D0F-98F1-655AD8D47D06}.Debug|Any CPU.ActiveCfg = Debug|Any CPU
		{33AFB091-DEEC-4D0F-98F1-655AD8D47D06}.Debug|Any CPU.Build.0 = Debug|Any CPU
		{33AFB091-DEEC-4D0F-98F1-655AD8D47D06}.Release|Any CPU.ActiveCfg = Release|Any CPU
		{33AFB091-DEEC-4D0F-98F1-655AD8D47D06}.Release|Any CPU.Build.0 = Release|Any CPU
	EndGlobalSection
	GlobalSection(SolutionProperties) = preSolution
		HideSolutionNode = FALSE
	EndGlobalSection
	GlobalSection(NestedProjects) = preSolution
		{DA966E32-F595-4D68-B090-549319AB8D88} = {E5A7CB16-A402-466C-9B39-CAF598B30DDA}
		{52B8A564-5E0D-42C9-891A-818EFF0205D4} = {E5A7CB16-A402-466C-9B39-CAF598B30DDA}
		{39241B19-082D-4EDD-ADB7-D2BE474E09FE} = {E5A7CB16-A402-466C-9B39-CAF598B30DDA}
		{5CAECB12-5653-4A67-ABCD-E187326DCF03} = {E5A7CB16-A402-466C-9B39-CAF598B30DDA}
		{85D04282-BAFE-45C6-BF3D-45CF06CE57AD} = {E5A7CB16-A402-466C-9B39-CAF598B30DDA}
		{D7AE8593-AB47-4E8D-BCF3-D8E6260CF41F} = {C3626162-671D-4F29-8A73-9E50E03A35FC}
		{589FD40C-56AA-4056-A7D4-D9462EF9332D} = {C3626162-671D-4F29-8A73-9E50E03A35FC}
		{5F692290-76DD-4891-990B-1D77DC9E2169} = {C3626162-671D-4F29-8A73-9E50E03A35FC}
		{F098CC32-8E0C-4809-8698-A4C33E2F79F3} = {C3626162-671D-4F29-8A73-9E50E03A35FC}
		{885CA569-E1E9-4E70-8607-2CF63C9E1427} = {C3626162-671D-4F29-8A73-9E50E03A35FC}
		{9A14A3F1-D497-4273-900E-A65B17B223BE} = {D119C2DC-3497-4C5A-ADB7-C868E88A4BE2}
		{8CBD33F3-1B36-4CCF-ADC9-B49176B04905} = {D119C2DC-3497-4C5A-ADB7-C868E88A4BE2}
		{3CB457D7-B9A0-4EF4-A09B-316D778848E3} = {D119C2DC-3497-4C5A-ADB7-C868E88A4BE2}
		{911B236E-766B-4E50-B3D6-0FD0675BAA28} = {D119C2DC-3497-4C5A-ADB7-C868E88A4BE2}
		{BC452FE1-981B-41FE-85F2-92FFE0ACE3C2} = {91A30ED6-D338-4A70-ADED-4C002B9F9FC2}
		{78553DB9-36A1-404F-9516-369F9B0E690A} = {91A30ED6-D338-4A70-ADED-4C002B9F9FC2}
		{3A5BDD39-FAB6-481E-8761-3807AEC1EFD6} = {91A30ED6-D338-4A70-ADED-4C002B9F9FC2}
		{D4A7AF18-9A7A-435C-A345-E1432E223B59} = {91A30ED6-D338-4A70-ADED-4C002B9F9FC2}
		{33AFB091-DEEC-4D0F-98F1-655AD8D47D06} = {82B7C4C9-7679-467F-928D-A2D228A95666}
	EndGlobalSection
	GlobalSection(ExtensibilityGlobals) = postSolution
		SolutionGuid = {99FC8A2A-D379-4267-8DAB-A9F3A08E6009}
	EndGlobalSection
EndGlobal
